
Microsoft Visual Studio Solution File, Format Version 12.00
# Visual Studio Version 17
VisualStudioVersion = 17.5.002.0
MinimumVisualStudioVersion = 10.0.40219.1
Project("{2150E333-8FDC-42A3-9474-1A3956D46DE8}") = "c-sharp", "c-sharp", "{8A82F998-5418-47A3-B599-C1D3FC53B4A1}"
EndProject
Project("{9A19103F-16F7-4668-BE54-9A1E7A4F7556}") = "day06p1", "c-sharp\day08p2\day06p1.csproj", "{4BD802A2-ECF6-4C7E-93F1-E31211C06C16}"
EndProject
Project("{9A19103F-16F7-4668-BE54-9A1E7A4F7556}") = "day06p1 (1)", "c-sharp\day09p2\day06p1.csproj", "{A3623386-546D-486F-B011-CF2F8D71A076}"
EndProject
Project("{9A19103F-16F7-4668-BE54-9A1E7A4F7556}") = "day06p1 (2)", "c-sharp\day08p1\day06p1.csproj", "{A647AECA-D36B-45D8-9EAC-B379B970F051}"
EndProject
Project("{9A19103F-16F7-4668-BE54-9A1E7A4F7556}") = "day06p1 (3)", "c-sharp\day09p1\day06p1.csproj", "{C319AFDC-1F3A-4E47-8F1A-4B33634FB636}"
EndProject
Project("{9A19103F-16F7-4668-BE54-9A1E7A4F7556}") = "day06p1 (4)", "c-sharp\day06p2\day06p1.csproj", "{E5603642-7D80-4260-AE74-CB025549351D}"
EndProject
Project("{9A19103F-16F7-4668-BE54-9A1E7A4F7556}") = "day06p1 (5)", "c-sharp\day10p2\day06p1.csproj", "{1F725FB2-F22F-45C8-B56C-327C65DCD440}"
EndProject
Project("{9A19103F-16F7-4668-BE54-9A1E7A4F7556}") = "day06p1 (6)", "c-sharp\day07p1\day06p1.csproj", "{69367DCD-ACFF-4C12-96A9-D1B2FD44AC66}"
EndProject
Project("{9A19103F-16F7-4668-BE54-9A1E7A4F7556}") = "day06p1 (7)", "c-sharp\day10p1\day06p1.csproj", "{726219D4-4038-41CB-B156-3BB6E18104BF}"
EndProject
Project("{9A19103F-16F7-4668-BE54-9A1E7A4F7556}") = "day06p1 (8)", "c-sharp\day06p1\day06p1.csproj", "{249EADB8-C07C-4559-B4F3-D6780C836A94}"
EndProject
Project("{9A19103F-16F7-4668-BE54-9A1E7A4F7556}") = "day06p1 (9)", "c-sharp\day07p2\day06p1.csproj", "{729BE044-6BA8-4B4C-B57A-DF764750515E}"
EndProject
Global
	GlobalSection(SolutionConfigurationPlatforms) = preSolution
		Debug|Any CPU = Debug|Any CPU
		Release|Any CPU = Release|Any CPU
	EndGlobalSection
	GlobalSection(ProjectConfigurationPlatforms) = postSolution
		{4BD802A2-ECF6-4C7E-93F1-E31211C06C16}.Debug|Any CPU.ActiveCfg = Debug|Any CPU
		{4BD802A2-ECF6-4C7E-93F1-E31211C06C16}.Debug|Any CPU.Build.0 = Debug|Any CPU
		{4BD802A2-ECF6-4C7E-93F1-E31211C06C16}.Release|Any CPU.ActiveCfg = Release|Any CPU
		{4BD802A2-ECF6-4C7E-93F1-E31211C06C16}.Release|Any CPU.Build.0 = Release|Any CPU
		{A3623386-546D-486F-B011-CF2F8D71A076}.Debug|Any CPU.ActiveCfg = Debug|Any CPU
		{A3623386-546D-486F-B011-CF2F8D71A076}.Debug|Any CPU.Build.0 = Debug|Any CPU
		{A3623386-546D-486F-B011-CF2F8D71A076}.Release|Any CPU.ActiveCfg = Release|Any CPU
		{A3623386-546D-486F-B011-CF2F8D71A076}.Release|Any CPU.Build.0 = Release|Any CPU
		{A647AECA-D36B-45D8-9EAC-B379B970F051}.Debug|Any CPU.ActiveCfg = Debug|Any CPU
		{A647AECA-D36B-45D8-9EAC-B379B970F051}.Debug|Any CPU.Build.0 = Debug|Any CPU
		{A647AECA-D36B-45D8-9EAC-B379B970F051}.Release|Any CPU.ActiveCfg = Release|Any CPU
		{A647AECA-D36B-45D8-9EAC-B379B970F051}.Release|Any CPU.Build.0 = Release|Any CPU
		{C319AFDC-1F3A-4E47-8F1A-4B33634FB636}.Debug|Any CPU.ActiveCfg = Debug|Any CPU
		{C319AFDC-1F3A-4E47-8F1A-4B33634FB636}.Debug|Any CPU.Build.0 = Debug|Any CPU
		{C319AFDC-1F3A-4E47-8F1A-4B33634FB636}.Release|Any CPU.ActiveCfg = Release|Any CPU
		{C319AFDC-1F3A-4E47-8F1A-4B33634FB636}.Release|Any CPU.Build.0 = Release|Any CPU
		{E5603642-7D80-4260-AE74-CB025549351D}.Debug|Any CPU.ActiveCfg = Debug|Any CPU
		{E5603642-7D80-4260-AE74-CB025549351D}.Debug|Any CPU.Build.0 = Debug|Any CPU
		{E5603642-7D80-4260-AE74-CB025549351D}.Release|Any CPU.ActiveCfg = Release|Any CPU
		{E5603642-7D80-4260-AE74-CB025549351D}.Release|Any CPU.Build.0 = Release|Any CPU
		{1F725FB2-F22F-45C8-B56C-327C65DCD440}.Debug|Any CPU.ActiveCfg = Debug|Any CPU
		{1F725FB2-F22F-45C8-B56C-327C65DCD440}.Debug|Any CPU.Build.0 = Debug|Any CPU
		{1F725FB2-F22F-45C8-B56C-327C65DCD440}.Release|Any CPU.ActiveCfg = Release|Any CPU
		{1F725FB2-F22F-45C8-B56C-327C65DCD440}.Release|Any CPU.Build.0 = Release|Any CPU
		{69367DCD-ACFF-4C12-96A9-D1B2FD44AC66}.Debug|Any CPU.ActiveCfg = Debug|Any CPU
		{69367DCD-ACFF-4C12-96A9-D1B2FD44AC66}.Debug|Any CPU.Build.0 = Debug|Any CPU
		{69367DCD-ACFF-4C12-96A9-D1B2FD44AC66}.Release|Any CPU.ActiveCfg = Release|Any CPU
		{69367DCD-ACFF-4C12-96A9-D1B2FD44AC66}.Release|Any CPU.Build.0 = Release|Any CPU
		{726219D4-4038-41CB-B156-3BB6E18104BF}.Debug|Any CPU.ActiveCfg = Debug|Any CPU
		{726219D4-4038-41CB-B156-3BB6E18104BF}.Debug|Any CPU.Build.0 = Debug|Any CPU
		{726219D4-4038-41CB-B156-3BB6E18104BF}.Release|Any CPU.ActiveCfg = Release|Any CPU
		{726219D4-4038-41CB-B156-3BB6E18104BF}.Release|Any CPU.Build.0 = Release|Any CPU
		{249EADB8-C07C-4559-B4F3-D6780C836A94}.Debug|Any CPU.ActiveCfg = Debug|Any CPU
		{249EADB8-C07C-4559-B4F3-D6780C836A94}.Debug|Any CPU.Build.0 = Debug|Any CPU
		{249EADB8-C07C-4559-B4F3-D6780C836A94}.Release|Any CPU.ActiveCfg = Release|Any CPU
		{249EADB8-C07C-4559-B4F3-D6780C836A94}.Release|Any CPU.Build.0 = Release|Any CPU
		{729BE044-6BA8-4B4C-B57A-DF764750515E}.Debug|Any CPU.ActiveCfg = Debug|Any CPU
		{729BE044-6BA8-4B4C-B57A-DF764750515E}.Debug|Any CPU.Build.0 = Debug|Any CPU
		{729BE044-6BA8-4B4C-B57A-DF764750515E}.Release|Any CPU.ActiveCfg = Release|Any CPU
		{729BE044-6BA8-4B4C-B57A-DF764750515E}.Release|Any CPU.Build.0 = Release|Any CPU
	EndGlobalSection
	GlobalSection(SolutionProperties) = preSolution
		HideSolutionNode = FALSE
	EndGlobalSection
	GlobalSection(NestedProjects) = preSolution
		{4BD802A2-ECF6-4C7E-93F1-E31211C06C16} = {8A82F998-5418-47A3-B599-C1D3FC53B4A1}
		{A3623386-546D-486F-B011-CF2F8D71A076} = {8A82F998-5418-47A3-B599-C1D3FC53B4A1}
		{A647AECA-D36B-45D8-9EAC-B379B970F051} = {8A82F998-5418-47A3-B599-C1D3FC53B4A1}
		{C319AFDC-1F3A-4E47-8F1A-4B33634FB636} = {8A82F998-5418-47A3-B599-C1D3FC53B4A1}
		{E5603642-7D80-4260-AE74-CB025549351D} = {8A82F998-5418-47A3-B599-C1D3FC53B4A1}
		{1F725FB2-F22F-45C8-B56C-327C65DCD440} = {8A82F998-5418-47A3-B599-C1D3FC53B4A1}
		{69367DCD-ACFF-4C12-96A9-D1B2FD44AC66} = {8A82F998-5418-47A3-B599-C1D3FC53B4A1}
		{726219D4-4038-41CB-B156-3BB6E18104BF} = {8A82F998-5418-47A3-B599-C1D3FC53B4A1}
		{249EADB8-C07C-4559-B4F3-D6780C836A94} = {8A82F998-5418-47A3-B599-C1D3FC53B4A1}
		{729BE044-6BA8-4B4C-B57A-DF764750515E} = {8A82F998-5418-47A3-B599-C1D3FC53B4A1}
	EndGlobalSection
	GlobalSection(ExtensibilityGlobals) = postSolution
		SolutionGuid = {7FEE38D1-6DCE-4186-94A1-AF798DE3BE1F}
	EndGlobalSection
EndGlobal
